
Microsoft Visual Studio Solution File, Format Version 12.00
# Visual Studio Version 17
VisualStudioVersion = 17.2.32505.173
MinimumVisualStudioVersion = 10.0.40219.1
Project("{FAE04EC0-301F-11D3-BF4B-00C04F79EFBC}") = "MorpheusHotel.Android", "MorpheusHotel\MorpheusHotel.Android\MorpheusHotel.Android.csproj", "{DAE5F573-1A57-43F0-A426-BE29B5FB9613}"
EndProject
Project("{FAE04EC0-301F-11D3-BF4B-00C04F79EFBC}") = "MorpheusHotel", "MorpheusHotel\MorpheusHotel\MorpheusHotel.csproj", "{B9DF88B7-3628-42A9-A529-8611A019C61E}"
EndProject
Global
	GlobalSection(SolutionConfigurationPlatforms) = preSolution
		Debug|Any CPU = Debug|Any CPU
		Release|Any CPU = Release|Any CPU
	EndGlobalSection
	GlobalSection(ProjectConfigurationPlatforms) = postSolution
		{DAE5F573-1A57-43F0-A426-BE29B5FB9613}.Debug|Any CPU.ActiveCfg = Debug|Any CPU
		{DAE5F573-1A57-43F0-A426-BE29B5FB9613}.Debug|Any CPU.Build.0 = Debug|Any CPU
		{DAE5F573-1A57-43F0-A426-BE29B5FB9613}.Debug|Any CPU.Deploy.0 = Debug|Any CPU
		{DAE5F573-1A57-43F0-A426-BE29B5FB9613}.Release|Any CPU.ActiveCfg = Release|Any CPU
		{DAE5F573-1A57-43F0-A426-BE29B5FB9613}.Release|Any CPU.Build.0 = Release|Any CPU
		{DAE5F573-1A57-43F0-A426-BE29B5FB9613}.Release|Any CPU.Deploy.0 = Release|Any CPU
		{B9DF88B7-3628-42A9-A529-8611A019C61E}.Debug|Any CPU.ActiveCfg = Debug|Any CPU
		{B9DF88B7-3628-42A9-A529-8611A019C61E}.Debug|Any CPU.Build.0 = Debug|Any CPU
		{B9DF88B7-3628-42A9-A529-8611A019C61E}.Debug|Any CPU.Deploy.0 = Debug|Any CPU
		{B9DF88B7-3628-42A9-A529-8611A019C61E}.Release|Any CPU.ActiveCfg = Release|Any CPU
		{B9DF88B7-3628-42A9-A529-8611A019C61E}.Release|Any CPU.Build.0 = Release|Any CPU
		{B9DF88B7-3628-42A9-A529-8611A019C61E}.Release|Any CPU.Deploy.0 = Release|Any CPU
	EndGlobalSection
	GlobalSection(SolutionProperties) = preSolution
		HideSolutionNode = FALSE
	EndGlobalSection
	GlobalSection(ExtensibilityGlobals) = postSolution
		SolutionGuid = {FA5CB57A-3659-4EBC-AA1A-9EFFB5B46C15}
	EndGlobalSection
EndGlobal
